
Microsoft Visual Studio Solution File, Format Version 11.00
# Visual Studio 2010
Project("{8BC9CEB8-8B4A-11D0-8D11-00A0C91BC942}") = "tyrquake-libretro-msvc", "msvc-2010\msvc-2010.vcxproj", "{7CB0CC34-9DF3-4F9C-B07C-2CE1E2C29C8B}"
EndProject
Global
	GlobalSection(SolutionConfigurationPlatforms) = preSolution
		Debug|Win32 = Debug|Win32
		Release|Win32 = Release|Win32
	EndGlobalSection
	GlobalSection(ProjectConfigurationPlatforms) = postSolution
		{7CB0CC34-9DF3-4F9C-B07C-2CE1E2C29C8B}.Debug|Win32.ActiveCfg = Debug|Win32
		{7CB0CC34-9DF3-4F9C-B07C-2CE1E2C29C8B}.Debug|Win32.Build.0 = Debug|Win32
		{7CB0CC34-9DF3-4F9C-B07C-2CE1E2C29C8B}.Release|Win32.ActiveCfg = Release|Win32
		{7CB0CC34-9DF3-4F9C-B07C-2CE1E2C29C8B}.Release|Win32.Build.0 = Release|Win32
	EndGlobalSection
	GlobalSection(SolutionProperties) = preSolution
		HideSolutionNode = FALSE
	EndGlobalSection
EndGlobal
